
Microsoft Visual Studio Solution File, Format Version 12.00
# Visual Studio Version 16
VisualStudioVersion = 16.0.29613.14
MinimumVisualStudioVersion = 10.0.40219.1
Project("{FAE04EC0-301F-11D3-BF4B-00C04F79EFBC}") = "lxfml-randomizer", "lxfml-randomizer\lxfml-randomizer.csproj", "{0AB07AE1-8FD3-4C81-99E6-A3403301D2C1}"
EndProject
Global
	GlobalSection(SolutionConfigurationPlatforms) = preSolution
		Debug|Any CPU = Debug|Any CPU
		Release|Any CPU = Release|Any CPU
	EndGlobalSection
	GlobalSection(ProjectConfigurationPlatforms) = postSolution
		{0AB07AE1-8FD3-4C81-99E6-A3403301D2C1}.Debug|Any CPU.ActiveCfg = Debug|Any CPU
		{0AB07AE1-8FD3-4C81-99E6-A3403301D2C1}.Debug|Any CPU.Build.0 = Debug|Any CPU
		{0AB07AE1-8FD3-4C81-99E6-A3403301D2C1}.Release|Any CPU.ActiveCfg = Release|Any CPU
		{0AB07AE1-8FD3-4C81-99E6-A3403301D2C1}.Release|Any CPU.Build.0 = Release|Any CPU
	EndGlobalSection
	GlobalSection(SolutionProperties) = preSolution
		HideSolutionNode = FALSE
	EndGlobalSection
	GlobalSection(ExtensibilityGlobals) = postSolution
		SolutionGuid = {47C98A32-C165-404F-B536-CC4C815F95C7}
	EndGlobalSection
EndGlobal
